
Microsoft Visual Studio Solution File, Format Version 12.00
# Visual Studio Version 16
VisualStudioVersion = 16.0.35130.168
MinimumVisualStudioVersion = 10.0.40219.1
Project("{888888A0-9F3D-457C-B088-3A5042F75D52}") = "Spam_Ham_Classifier", "Spam_Ham_Classifier\Spam_Ham_Classifier.pyproj", "{74DB2F66-3170-45BF-973E-D61409B0A92C}"
EndProject
Global
	GlobalSection(SolutionConfigurationPlatforms) = preSolution
		Debug|Any CPU = Debug|Any CPU
		Release|Any CPU = Release|Any CPU
	EndGlobalSection
	GlobalSection(ProjectConfigurationPlatforms) = postSolution
		{74DB2F66-3170-45BF-973E-D61409B0A92C}.Debug|Any CPU.ActiveCfg = Debug|Any CPU
		{74DB2F66-3170-45BF-973E-D61409B0A92C}.Release|Any CPU.ActiveCfg = Release|Any CPU
	EndGlobalSection
	GlobalSection(SolutionProperties) = preSolution
		HideSolutionNode = FALSE
	EndGlobalSection
	GlobalSection(ExtensibilityGlobals) = postSolution
		SolutionGuid = {6D6ABCD0-FE3F-4EE7-9EB1-903F872912F2}
	EndGlobalSection
EndGlobal
